
Microsoft Visual Studio Solution File, Format Version 12.00
# Visual Studio Version 17
VisualStudioVersion = 17.3.32811.315
MinimumVisualStudioVersion = 10.0.40219.1
Project("{9A19103F-16F7-4668-BE54-9A1E7A4F7556}") = "HFportal", "HFportal.csproj", "{9A83E2E1-4BE6-4D2F-BA15-07C1BA3E2912}"
EndProject
Global
	GlobalSection(SolutionConfigurationPlatforms) = preSolution
		Debug|Any CPU = Debug|Any CPU
		Release|Any CPU = Release|Any CPU
	EndGlobalSection
	GlobalSection(ProjectConfigurationPlatforms) = postSolution
		{9A83E2E1-4BE6-4D2F-BA15-07C1BA3E2912}.Debug|Any CPU.ActiveCfg = Debug|Any CPU
		{9A83E2E1-4BE6-4D2F-BA15-07C1BA3E2912}.Debug|Any CPU.Build.0 = Debug|Any CPU
		{9A83E2E1-4BE6-4D2F-BA15-07C1BA3E2912}.Release|Any CPU.ActiveCfg = Release|Any CPU
		{9A83E2E1-4BE6-4D2F-BA15-07C1BA3E2912}.Release|Any CPU.Build.0 = Release|Any CPU
	EndGlobalSection
	GlobalSection(SolutionProperties) = preSolution
		HideSolutionNode = FALSE
	EndGlobalSection
	GlobalSection(ExtensibilityGlobals) = postSolution
		SolutionGuid = {8DB54E4B-5AA3-47BC-9249-EB60BA993EFE}
	EndGlobalSection
EndGlobal
